// !$*UTF8*$!
{
	archiveVersion = 1;
	classes = {
	};
	objectVersion = 50;
	objects = {

/* Begin PBXBuildFile section */
		34EB7F5C22279F100042C430 /* AppDelegate.swift in Sources */ = {isa = PBXBuildFile; fileRef = 34EB7F5B22279F100042C430 /* AppDelegate.swift */; };
		34EB7F5E22279F100042C430 /* ViewController.swift in Sources */ = {isa = PBXBuildFile; fileRef = 34EB7F5D22279F100042C430 /* ViewController.swift */; };
		34EB7F6122279F100042C430 /* Main.storyboard in Resources */ = {isa = PBXBuildFile; fileRef = 34EB7F5F22279F100042C430 /* Main.storyboard */; };
		34EB7F6322279F120042C430 /* Assets.xcassets in Resources */ = {isa = PBXBuildFile; fileRef = 34EB7F6222279F120042C430 /* Assets.xcassets */; };
		34EB7F6622279F120042C430 /* LaunchScreen.storyboard in Resources */ = {isa = PBXBuildFile; fileRef = 34EB7F6422279F120042C430 /* LaunchScreen.storyboard */; };
		34EB7F7122279F120042C430 /* AccFunTests.swift in Sources */ = {isa = PBXBuildFile; fileRef = 34EB7F7022279F120042C430 /* AccFunTests.swift */; };
		34EB7F7C2227A1940042C430 /* Main.storyboard in Resources */ = {isa = PBXBuildFile; fileRef = 34EB7F5F22279F100042C430 /* Main.storyboard */; };
/* End PBXBuildFile section */

/* Begin PBXContainerItemProxy section */
		34EB7F6D22279F120042C430 /* PBXContainerItemProxy */ = {
			isa = PBXContainerItemProxy;
			containerPortal = 34EB7F5022279F100042C430 /* Project object */;
			proxyType = 1;
			remoteGlobalIDString = 34EB7F5722279F100042C430;
			remoteInfo = AccFun;
		};
/* End PBXContainerItemProxy section */

/* Begin PBXFileReference section */
		34EB7F5822279F100042C430 /* AccFun.app */ = {isa = PBXFileReference; explicitFileType = wrapper.application; includeInIndex = 0; path = AccFun.app; sourceTree = BUILT_PRODUCTS_DIR; };
		34EB7F5B22279F100042C430 /* AppDelegate.swift */ = {isa = PBXFileReference; lastKnownFileType = sourcecode.swift; path = AppDelegate.swift; sourceTree = "<group>"; };
		34EB7F5D22279F100042C430 /* ViewController.swift */ = {isa = PBXFileReference; lastKnownFileType = sourcecode.swift; path = ViewController.swift; sourceTree = "<group>"; };
		34EB7F6022279F100042C430 /* Base */ = {isa = PBXFileReference; lastKnownFileType = file.storyboard; name = Base; path = Base.lproj/Main.storyboard; sourceTree = "<group>"; };
		34EB7F6222279F120042C430 /* Assets.xcassets */ = {isa = PBXFileReference; lastKnownFileType = folder.assetcatalog; path = Assets.xcassets; sourceTree = "<group>"; };
		34EB7F6522279F120042C430 /* Base */ = {isa = PBXFileReference; lastKnownFileType = file.storyboard; name = Base; path = Base.lproj/LaunchScreen.storyboard; sourceTree = "<group>"; };
		34EB7F6722279F120042C430 /* Info.plist */ = {isa = PBXFileReference; lastKnownFileType = text.plist.xml; path = Info.plist; sourceTree = "<group>"; };
		34EB7F6C22279F120042C430 /* AccFunTests.xctest */ = {isa = PBXFileReference; explicitFileType = wrapper.cfbundle; includeInIndex = 0; path = AccFunTests.xctest; sourceTree = BUILT_PRODUCTS_DIR; };
		34EB7F7022279F120042C430 /* AccFunTests.swift */ = {isa = PBXFileReference; lastKnownFileType = sourcecode.swift; path = AccFunTests.swift; sourceTree = "<group>"; };
		34EB7F7222279F120042C430 /* Info.plist */ = {isa = PBXFileReference; lastKnownFileType = text.plist.xml; path = Info.plist; sourceTree = "<group>"; };
		34EB7F7D2227A1940042C430 /* en */ = {isa = PBXFileReference; lastKnownFileType = text.plist.strings; name = en; path = en.lproj/Main.strings; sourceTree = "<group>"; };
/* End PBXFileReference section */

/* Begin PBXFrameworksBuildPhase section */
		34EB7F5522279F100042C430 /* Frameworks */ = {
			isa = PBXFrameworksBuildPhase;
			buildActionMask = 2147483647;
			files = (
			);
			runOnlyForDeploymentPostprocessing = 0;
		};
		34EB7F6922279F120042C430 /* Frameworks */ = {
			isa = PBXFrameworksBuildPhase;
			buildActionMask = 2147483647;
			files = (
			);
			runOnlyForDeploymentPostprocessing = 0;
		};
/* End PBXFrameworksBuildPhase section */

/* Begin PBXGroup section */
		34EB7F4F22279F100042C430 = {
			isa = PBXGroup;
			children = (
				34EB7F5A22279F100042C430 /* AccFun */,
				34EB7F6F22279F120042C430 /* AccFunTests */,
				34EB7F5922279F100042C430 /* Products */,
			);
			sourceTree = "<group>";
		};
		34EB7F5922279F100042C430 /* Products */ = {
			isa = PBXGroup;
			children = (
				34EB7F5822279F100042C430 /* AccFun.app */,
				34EB7F6C22279F120042C430 /* AccFunTests.xctest */,
			);
			name = Products;
			sourceTree = "<group>";
		};
		34EB7F5A22279F100042C430 /* AccFun */ = {
			isa = PBXGroup;
			children = (
				34EB7F5B22279F100042C430 /* AppDelegate.swift */,
				34EB7F5D22279F100042C430 /* ViewController.swift */,
				34EB7F5F22279F100042C430 /* Main.storyboard */,
				34EB7F6222279F120042C430 /* Assets.xcassets */,
				34EB7F6422279F120042C430 /* LaunchScreen.storyboard */,
				34EB7F6722279F120042C430 /* Info.plist */,
			);
			path = AccFun;
			sourceTree = "<group>";
		};
		34EB7F6F22279F120042C430 /* AccFunTests */ = {
			isa = PBXGroup;
			children = (
				34EB7F7022279F120042C430 /* AccFunTests.swift */,
				34EB7F7222279F120042C430 /* Info.plist */,
			);
			path = AccFunTests;
			sourceTree = "<group>";
		};
/* End PBXGroup section */

/* Begin PBXNativeTarget section */
		34EB7F5722279F100042C430 /* AccFun */ = {
			isa = PBXNativeTarget;
			buildConfigurationList = 34EB7F7522279F120042C430 /* Build configuration list for PBXNativeTarget "AccFun" */;
			buildPhases = (
				34EB7F5422279F100042C430 /* Sources */,
				34EB7F5522279F100042C430 /* Frameworks */,
				34EB7F5622279F100042C430 /* Resources */,
			);
			buildRules = (
			);
			dependencies = (
			);
			name = AccFun;
			productName = AccFun;
			productReference = 34EB7F5822279F100042C430 /* AccFun.app */;
			productType = "com.apple.product-type.application";
		};
		34EB7F6B22279F120042C430 /* AccFunTests */ = {
			isa = PBXNativeTarget;
			buildConfigurationList = 34EB7F7822279F120042C430 /* Build configuration list for PBXNativeTarget "AccFunTests" */;
			buildPhases = (
				34EB7F6822279F120042C430 /* Sources */,
				34EB7F6922279F120042C430 /* Frameworks */,
				34EB7F6A22279F120042C430 /* Resources */,
			);
			buildRules = (
			);
			dependencies = (
				34EB7F6E22279F120042C430 /* PBXTargetDependency */,
			);
			name = AccFunTests;
			productName = AccFunTests;
			productReference = 34EB7F6C22279F120042C430 /* AccFunTests.xctest */;
			productType = "com.apple.product-type.bundle.unit-test";
		};
/* End PBXNativeTarget section */

/* Begin PBXProject section */
		34EB7F5022279F100042C430 /* Project object */ = {
			isa = PBXProject;
			attributes = {
				LastSwiftUpdateCheck = 1010;
				LastUpgradeCheck = 1010;
				ORGANIZATIONNAME = "Matthew Poelsterl";
				TargetAttributes = {
					34EB7F5722279F100042C430 = {
						CreatedOnToolsVersion = 10.1;
					};
					34EB7F6B22279F120042C430 = {
						CreatedOnToolsVersion = 10.1;
						TestTargetID = 34EB7F5722279F100042C430;
					};
				};
			};
			buildConfigurationList = 34EB7F5322279F100042C430 /* Build configuration list for PBXProject "AccFun" */;
			compatibilityVersion = "Xcode 9.3";
			developmentRegion = en;
			hasScannedForEncodings = 0;
			knownRegions = (
				en,
				Base,
			);
			mainGroup = 34EB7F4F22279F100042C430;
			productRefGroup = 34EB7F5922279F100042C430 /* Products */;
			projectDirPath = "";
			projectRoot = "";
			targets = (
				34EB7F5722279F100042C430 /* AccFun */,
				34EB7F6B22279F120042C430 /* AccFunTests */,
			);
		};
/* End PBXProject section */

/* Begin PBXResourcesBuildPhase section */
		34EB7F5622279F100042C430 /* Resources */ = {
			isa = PBXResourcesBuildPhase;
			buildActionMask = 2147483647;
			files = (
				34EB7F6622279F120042C430 /* LaunchScreen.storyboard in Resources */,
				34EB7F6322279F120042C430 /* Assets.xcassets in Resources */,
				34EB7F6122279F100042C430 /* Main.storyboard in Resources */,
			);
			runOnlyForDeploymentPostprocessing = 0;
		};
		34EB7F6A22279F120042C430 /* Resources */ = {
			isa = PBXResourcesBuildPhase;
			buildActionMask = 2147483647;
			files = (
				34EB7F7C2227A1940042C430 /* Main.storyboard in Resources */,
			);
			runOnlyForDeploymentPostprocessing = 0;
		};
/* End PBXResourcesBuildPhase section */

/* Begin PBXSourcesBuildPhase section */
		34EB7F5422279F100042C430 /* Sources */ = {
			isa = PBXSourcesBuildPhase;
			buildActionMask = 2147483647;
			files = (
				34EB7F5E22279F100042C430 /* ViewController.swift in Sources */,
				34EB7F5C22279F100042C430 /* AppDelegate.swift in Sources */,
			);
			runOnlyForDeploymentPostprocessing = 0;
		};
		34EB7F6822279F120042C430 /* Sources */ = {
			isa = PBXSourcesBuildPhase;
			buildActionMask = 2147483647;
			files = (
				34EB7F7122279F120042C430 /* AccFunTests.swift in Sources */,
			);
			runOnlyForDeploymentPostprocessing = 0;
		};
/* End PBXSourcesBuildPhase section */

/* Begin PBXTargetDependency section */
		34EB7F6E22279F120042C430 /* PBXTargetDependency */ = {
			isa = PBXTargetDependency;
			target = 34EB7F5722279F100042C430 /* AccFun */;
			targetProxy = 34EB7F6D22279F120042C430 /* PBXContainerItemProxy */;
		};
/* End PBXTargetDependency section */

/* Begin PBXVariantGroup section */
		34EB7F5F22279F100042C430 /* Main.storyboard */ = {
			isa = PBXVariantGroup;
			children = (
				34EB7F6022279F100042C430 /* Base */,
				34EB7F7D2227A1940042C430 /* en */,
			);
			name = Main.storyboard;
			sourceTree = "<group>";
		};
		34EB7F6422279F120042C430 /* LaunchScreen.storyboard */ = {
			isa = PBXVariantGroup;
			children = (
				34EB7F6522279F120042C430 /* Base */,
			);
			name = LaunchScreen.storyboard;
			sourceTree = "<group>";
		};
/* End PBXVariantGroup section */

/* Begin XCBuildConfiguration section */
		34EB7F7322279F120042C430 /* Debug */ = {
			isa = XCBuildConfiguration;
			buildSettings = {
				ALWAYS_SEARCH_USER_PATHS = NO;
				CLANG_ANALYZER_NONNULL = YES;
				CLANG_ANALYZER_NUMBER_OBJECT_CONVERSION = YES_AGGRESSIVE;
				CLANG_CXX_LANGUAGE_STANDARD = "gnu++14";
				CLANG_CXX_LIBRARY = "libc++";
				CLANG_ENABLE_MODULES = YES;
				CLANG_ENABLE_OBJC_ARC = YES;
				CLANG_ENABLE_OBJC_WEAK = YES;
				CLANG_WARN_BLOCK_CAPTURE_AUTORELEASING = YES;
				CLANG_WARN_BOOL_CONVERSION = YES;
				CLANG_WARN_COMMA = YES;
				CLANG_WARN_CONSTANT_CONVERSION = YES;
				CLANG_WARN_DEPRECATED_OBJC_IMPLEMENTATIONS = YES;
				CLANG_WARN_DIRECT_OBJC_ISA_USAGE = YES_ERROR;
				CLANG_WARN_DOCUMENTATION_COMMENTS = YES;
				CLANG_WARN_EMPTY_BODY = YES;
				CLANG_WARN_ENUM_CONVERSION = YES;
				CLANG_WARN_INFINITE_RECURSION = YES;
				CLANG_WARN_INT_CONVERSION = YES;
				CLANG_WARN_NON_LITERAL_NULL_CONVERSION = YES;
				CLANG_WARN_OBJC_IMPLICIT_RETAIN_SELF = YES;
				CLANG_WARN_OBJC_LITERAL_CONVERSION = YES;
				CLANG_WARN_OBJC_ROOT_CLASS = YES_ERROR;
				CLANG_WARN_RANGE_LOOP_ANALYSIS = YES;
				CLANG_WARN_STRICT_PROTOTYPES = YES;
				CLANG_WARN_SUSPICIOUS_MOVE = YES;
				CLANG_WARN_UNGUARDED_AVAILABILITY = YES_AGGRESSIVE;
				CLANG_WARN_UNREACHABLE_CODE = YES;
				CLANG_WARN__DUPLICATE_METHOD_MATCH = YES;
				CODE_SIGN_IDENTITY = "iPhone Developer";
				COPY_PHASE_STRIP = NO;
				DEBUG_INFORMATION_FORMAT = dwarf;
				ENABLE_STRICT_OBJC_MSGSEND = YES;
				ENABLE_TESTABILITY = YES;
				GCC_C_LANGUAGE_STANDARD = gnu11;
				GCC_DYNAMIC_NO_PIC = NO;
				GCC_NO_COMMON_BLOCKS = YES;
				GCC_OPTIMIZATION_LEVEL = 0;
				GCC_PREPROCESSOR_DEFINITIONS = (
					"DEBUG=1",
					"$(inherited)",
				);
				GCC_WARN_64_TO_32_BIT_CONVERSION = YES;
				GCC_WARN_ABOUT_RETURN_TYPE = YES_ERROR;
				GCC_WARN_UNDECLARED_SELECTOR = YES;
				GCC_WARN_UNINITIALIZED_AUTOS = YES_AGGRESSIVE;
				GCC_WARN_UNUSED_FUNCTION = YES;
				GCC_WARN_UNUSED_VARIABLE = YES;
				IPHONEOS_DEPLOYMENT_TARGET = 12.1;
				MTL_ENABLE_DEBUG_INFO = INCLUDE_SOURCE;
				MTL_FAST_MATH = YES;
				ONLY_ACTIVE_ARCH = YES;
				SDKROOT = iphoneos;
				SWIFT_ACTIVE_COMPILATION_CONDITIONS = DEBUG;
				SWIFT_OPTIMIZATION_LEVEL = "-Onone";
			};
			name = Debug;
		};
		34EB7F7422279F120042C430 /* Release */ = {
			isa = XCBuildConfiguration;
			buildSettings = {
				ALWAYS_SEARCH_USER_PATHS = NO;
				CLANG_ANALYZER_NONNULL = YES;
				CLANG_ANALYZER_NUMBER_OBJECT_CONVERSION = YES_AGGRESSIVE;
				CLANG_CXX_LANGUAGE_STANDARD = "gnu++14";
				CLANG_CXX_LIBRARY = "libc++";
				CLANG_ENABLE_MODULES = YES;
				CLANG_ENABLE_OBJC_ARC = YES;
				CLANG_ENABLE_OBJC_WEAK = YES;
				CLANG_WARN_BLOCK_CAPTURE_AUTORELEASING = YES;
				CLANG_WARN_BOOL_CONVERSION = YES;
				CLANG_WARN_COMMA = YES;
				CLANG_WARN_CONSTANT_CONVERSION = YES;
				CLANG_WARN_DEPRECATED_OBJC_IMPLEMENTATIONS = YES;
				CLANG_WARN_DIRECT_OBJC_ISA_USAGE = YES_ERROR;
				CLANG_WARN_DOCUMENTATION_COMMENTS = YES;
				CLANG_WARN_EMPTY_BODY = YES;
				CLANG_WARN_ENUM_CONVERSION = YES;
				CLANG_WARN_INFINITE_RECURSION = YES;
				CLANG_WARN_INT_CONVERSION = YES;
				CLANG_WARN_NON_LITERAL_NULL_CONVERSION = YES;
				CLANG_WARN_OBJC_IMPLICIT_RETAIN_SELF = YES;
				CLANG_WARN_OBJC_LITERAL_CONVERSION = YES;
				CLANG_WARN_OBJC_ROOT_CLASS = YES_ERROR;
				CLANG_WARN_RANGE_LOOP_ANALYSIS = YES;
				CLANG_WARN_STRICT_PROTOTYPES = YES;
				CLANG_WARN_SUSPICIOUS_MOVE = YES;
				CLANG_WARN_UNGUARDED_AVAILABILITY = YES_AGGRESSIVE;
				CLANG_WARN_UNREACHABLE_CODE = YES;
				CLANG_WARN__DUPLICATE_METHOD_MATCH = YES;
				CODE_SIGN_IDENTITY = "iPhone Developer";
				COPY_PHASE_STRIP = NO;
				DEBUG_INFORMATION_FORMAT = "dwarf-with-dsym";
				ENABLE_NS_ASSERTIONS = NO;
				ENABLE_STRICT_OBJC_MSGSEND = YES;
				GCC_C_LANGUAGE_STANDARD = gnu11;
				GCC_NO_COMMON_BLOCKS = YES;
				GCC_WARN_64_TO_32_BIT_CONVERSION = YES;
				GCC_WARN_ABOUT_RETURN_TYPE = YES_ERROR;
				GCC_WARN_UNDECLARED_SELECTOR = YES;
				GCC_WARN_UNINITIALIZED_AUTOS = YES_AGGRESSIVE;
				GCC_WARN_UNUSED_FUNCTION = YES;
				GCC_WARN_UNUSED_VARIABLE = YES;
				IPHONEOS_DEPLOYMENT_TARGET = 12.1;
				MTL_ENABLE_DEBUG_INFO = NO;
				MTL_FAST_MATH = YES;
				SDKROOT = iphoneos;
				SWIFT_COMPILATION_MODE = wholemodule;
				SWIFT_OPTIMIZATION_LEVEL = "-O";
				VALIDATE_PRODUCT = YES;
			};
			name = Release;
		};
		34EB7F7622279F120042C430 /* Debug */ = {
			isa = XCBuildConfiguration;
			buildSettings = {
				ASSETCATALOG_COMPILER_APPICON_NAME = AppIcon;
				CODE_SIGN_STYLE = Automatic;
				DEVELOPMENT_TEAM = HBNX7GQE7K;
				INFOPLIST_FILE = AccFun/Info.plist;
				LD_RUNPATH_SEARCH_PATHS = (
					"$(inherited)",
					"@executable_path/Frameworks",
				);
				PRODUCT_BUNDLE_IDENTIFIER = com.example.AccFun;
				PRODUCT_NAME = "$(TARGET_NAME)";
				SWIFT_VERSION = 4.2;
				TARGETED_DEVICE_FAMILY = "1,2";
			};
			name = Debug;
		};
		34EB7F7722279F120042C430 /* Release */ = {
			isa = XCBuildConfiguration;
			buildSettings = {
				ASSETCATALOG_COMPILER_APPICON_NAME = AppIcon;
				CODE_SIGN_STYLE = Automatic;
				DEVELOPMENT_TEAM = HBNX7GQE7K;
				INFOPLIST_FILE = AccFun/Info.plist;
				LD_RUNPATH_SEARCH_PATHS = (
					"$(inherited)",
					"@executable_path/Frameworks",
				);
				PRODUCT_BUNDLE_IDENTIFIER = com.example.AccFun;
				PRODUCT_NAME = "$(TARGET_NAME)";
				SWIFT_VERSION = 4.2;
				TARGETED_DEVICE_FAMILY = "1,2";
			};
			name = Release;
		};
		34EB7F7922279F120042C430 /* Debug */ = {
			isa = XCBuildConfiguration;
			buildSettings = {
				ALWAYS_EMBED_SWIFT_STANDARD_LIBRARIES = YES;
				BUNDLE_LOADER = "$(TEST_HOST)";
				CODE_SIGN_STYLE = Automatic;
				DEVELOPMENT_TEAM = HBNX7GQE7K;
				INFOPLIST_FILE = AccFunTests/Info.plist;
				LD_RUNPATH_SEARCH_PATHS = (
					"$(inherited)",
					"@executable_path/Frameworks",
					"@loader_path/Frameworks",
				);
				PRODUCT_BUNDLE_IDENTIFIER = com.example.AccFunTests;
				PRODUCT_NAME = "$(TARGET_NAME)";
				SWIFT_VERSION = 4.2;
				TARGETED_DEVICE_FAMILY = "1,2";
				TEST_HOST = "$(BUILT_PRODUCTS_DIR)/AccFun.app/AccFun";
			};
			name = Debug;
		};
		34EB7F7A22279F120042C430 /* Release */ = {
			isa = XCBuildConfiguration;
			buildSettings = {
				ALWAYS_EMBED_SWIFT_STANDARD_LIBRARIES = YES;
				BUNDLE_LOADER = "$(TEST_HOST)";
				CODE_SIGN_STYLE = Automatic;
				DEVELOPMENT_TEAM = HBNX7GQE7K;
				INFOPLIST_FILE = AccFunTests/Info.plist;
				LD_RUNPATH_SEARCH_PATHS = (
					"$(inherited)",
					"@executable_path/Frameworks",
					"@loader_path/Frameworks",
				);
				PRODUCT_BUNDLE_IDENTIFIER = com.example.AccFunTests;
				PRODUCT_NAME = "$(TARGET_NAME)";
				SWIFT_VERSION = 4.2;
				TARGETED_DEVICE_FAMILY = "1,2";
				TEST_HOST = "$(BUILT_PRODUCTS_DIR)/AccFun.app/AccFun";
			};
			name = Release;
		};
/* End XCBuildConfiguration section */

/* Begin XCConfigurationList section */
		34EB7F5322279F100042C430 /* Build configuration list for PBXProject "AccFun" */ = {
			isa = XCConfigurationList;
			buildConfigurations = (
				34EB7F7322279F120042C430 /* Debug */,
				34EB7F7422279F120042C430 /* Release */,
			);
			defaultConfigurationIsVisible = 0;
			defaultConfigurationName = Release;
		};
		34EB7F7522279F120042C430 /* Build configuration list for PBXNativeTarget "AccFun" */ = {
			isa = XCConfigurationList;
			buildConfigurations = (
				34EB7F7622279F120042C430 /* Debug */,
				34EB7F7722279F120042C430 /* Release */,
			);
			defaultConfigurationIsVisible = 0;
			defaultConfigurationName = Release;
		};
		34EB7F7822279F120042C430 /* Build configuration list for PBXNativeTarget "AccFunTests" */ = {
			isa = XCConfigurationList;
			buildConfigurations = (
				34EB7F7922279F120042C430 /* Debug */,
				34EB7F7A22279F120042C430 /* Release */,
			);
			defaultConfigurationIsVisible = 0;
			defaultConfigurationName = Release;
		};
/* End XCConfigurationList section */
	};
	rootObject = 34EB7F5022279F100042C430 /* Project object */;
}
